# THIS IS AN AUTOGENERATED FILE. DO NOT EDIT THIS FILE DIRECTLY.
# yarn lockfile v1


"@types/btoa@^1.2.3":
  version "1.2.3"
  resolved "https://registry.yarnpkg.com/@types/btoa/-/btoa-1.2.3.tgz#2c8e7093f902bf8f0e10992a731a4996aa1a5732"
  integrity sha512-ANNCZICS/ofxhzUl8V1DniBJs+sFQ+Yg5am1ZwVEf/sxoKY/J2+h5Fuw3xUErlZ7eJLdgzukBjZwnsV6+/2Rmg==
  dependencies:
    "@types/node" "*"

"@types/node@*":
  version "14.14.20"
  resolved "https://registry.yarnpkg.com/@types/node/-/node-14.14.20.tgz#f7974863edd21d1f8a494a73e8e2b3658615c340"
  integrity sha512-Y93R97Ouif9JEOWPIUyU+eyIdyRqQR0I8Ez1dzku4hDx34NWh4HbtIc3WNzwB1Y9ULvNGeu5B8h8bVL5cAk4/A==

"@types/node@^14.6.0":
  version "14.6.0"
  resolved "https://registry.yarnpkg.com/@types/node/-/node-14.6.0.tgz#7d4411bf5157339337d7cff864d9ff45f177b499"
  integrity sha512-mikldZQitV94akrc4sCcSjtJfsTKt4p+e/s0AGscVA6XArQ9kFclP+ZiYUMnq987rc6QlYxXv/EivqlfSLxpKA==

axios@^0.21.1:
  version "0.21.1"
  resolved "https://registry.yarnpkg.com/axios/-/axios-0.21.1.tgz#22563481962f4d6bde9a76d516ef0e5d3c09b2b8"
  integrity sha512-dKQiRHxGD9PPRIUNIWvZhPTPpl1rf/OxTYKsqKUDjBwYylTvV7SjSHJb9ratfyzM6wCdLCOYLzs73qpg5c4iGA==
  dependencies:
    follow-redirects "^1.10.0"

bluebird@^3.7.2:
  version "3.7.2"
  resolved "https://registry.yarnpkg.com/bluebird/-/bluebird-3.7.2.tgz#9f229c15be272454ffa973ace0dbee79a1b0c36f"
  integrity sha512-XpNj6GDQzdfW+r2Wnn7xiSAd7TM3jzkxGXBGTtWKuSXv1xUV+azxAm8jdWZN06QTQk+2N2XB9jRDkvbmQmcRtg==

btoa@^1.2.1:
  version "1.2.1"
  resolved "https://registry.yarnpkg.com/btoa/-/btoa-1.2.1.tgz#01a9909f8b2c93f6bf680ba26131eb30f7fa3d73"
  integrity sha512-SB4/MIGlsiVkMcHmT+pSmIPoNDoHg+7cMzmt3Uxt628MTz2487DKSqK/fuhFBrkuqrYv5UCEnACpF4dTFNKc/g==

deeks@2.2.1:
  version "2.2.1"
  resolved "https://registry.yarnpkg.com/deeks/-/deeks-2.2.1.tgz#4de360652998fd0a681153a9ffde5dcc6c983f4a"
  integrity sha512-D2Qu3Fv5zBtBzXjXIUgWPRYn30d/IG6SCPOKIz42+LVTwhPeRI5+DAxdzap0vI2zYheiErIpVLwaUQBoA/iENw==
  dependencies:
    underscore "1.9.1"

doc-path@2.0.1:
  version "2.0.1"
  resolved "https://registry.yarnpkg.com/doc-path/-/doc-path-2.0.1.tgz#d2adb8bcd31c895b17b92f61eff39aaec04430d2"
  integrity sha512-/CCG157H//3l513omROUzaREChY/OYpxqYXvQcv7gsrwGfjVOh5d/1gJigHJ6iTnO77pA8rMLZ63CgEPEM6+9Q==

follow-redirects@^1.10.0:
  version "1.13.1"
  resolved "https://registry.yarnpkg.com/follow-redirects/-/follow-redirects-1.13.1.tgz#5f69b813376cee4fd0474a3aba835df04ab763b7"
  integrity sha512-SSG5xmZh1mkPGyKzjZP8zLjltIfpW32Y5QpdNJyjcfGxK3qo3NDDkZOZSFiGn1A6SclQxY9GzEwAHQ3dmYRWpg==

json-2-csv@^3.5.9:
  version "3.5.9"
  resolved "https://registry.yarnpkg.com/json-2-csv/-/json-2-csv-3.5.9.tgz#6bc200f9e35b667706ff0b59cb2f2e49083ae8b4"
  integrity sha512-zKIZBPeWyuNFladZ4wUmXHPkVSozPkn7MZRFJF2ETI+3/5HnOx9SenRkBEPr8sIE8Kiy+kn+e+x+m3yT0FoiYA==
  dependencies:
    deeks "2.2.1"
    doc-path "2.0.1"
    underscore "1.9.1"

moment@^2.27.0:
  version "2.27.0"
  resolved "https://registry.yarnpkg.com/moment/-/moment-2.27.0.tgz#8bff4e3e26a236220dfe3e36de756b6ebaa0105d"
  integrity sha512-al0MUK7cpIcglMv3YF13qSgdAIqxHTO7brRtaz3DlSULbqfazqkc5kEjNrLDOM7fsjshoFIihnU8snrP7zUvhQ==

underscore@1.9.1:
  version "1.9.1"
  resolved "https://registry.yarnpkg.com/underscore/-/underscore-1.9.1.tgz#06dce34a0e68a7babc29b365b8e74b8925203961"
  integrity sha512-5/4etnCkd9c8gwgowi5/om/mYO5ajCaOgdzj/oW+0eQV9WxKBDZw5+ycmKmeaTXjInS/W0BzpGLo2xR2aBwZdg==
