# THIS IS AN AUTOGENERATED FILE. DO NOT EDIT THIS FILE DIRECTLY.
# yarn lockfile v1


"@types/btoa@^1.2.3":
  version "1.2.3"
  resolved "https://registry.yarnpkg.com/@types/btoa/-/btoa-1.2.3.tgz#2c8e7093f902bf8f0e10992a731a4996aa1a5732"
  integrity sha512-ANNCZICS/ofxhzUl8V1DniBJs+sFQ+Yg5am1ZwVEf/sxoKY/J2+h5Fuw3xUErlZ7eJLdgzukBjZwnsV6+/2Rmg==
  dependencies:
    "@types/node" "*"

"@types/node@*", "@types/node@^14.6.0":
  version "14.14.22"
  resolved "https://registry.yarnpkg.com/@types/node/-/node-14.14.22.tgz#0d29f382472c4ccf3bd96ff0ce47daf5b7b84b18"
  integrity sha512-g+f/qj/cNcqKkc3tFqlXOYjrmZA+jNBiDzbP3kH+B+otKFqAdPgVTGP1IeKRdMml/aE69as5S4FqtxAbl+LaMw==

axios@^0.21.1:
  version "0.21.1"
  resolved "https://registry.yarnpkg.com/axios/-/axios-0.21.1.tgz#22563481962f4d6bde9a76d516ef0e5d3c09b2b8"
  integrity sha512-dKQiRHxGD9PPRIUNIWvZhPTPpl1rf/OxTYKsqKUDjBwYylTvV7SjSHJb9ratfyzM6wCdLCOYLzs73qpg5c4iGA==
  dependencies:
    follow-redirects "^1.10.0"

bluebird@^3.7.2:
  version "3.7.2"
  resolved "https://registry.yarnpkg.com/bluebird/-/bluebird-3.7.2.tgz#9f229c15be272454ffa973ace0dbee79a1b0c36f"
  integrity sha512-XpNj6GDQzdfW+r2Wnn7xiSAd7TM3jzkxGXBGTtWKuSXv1xUV+azxAm8jdWZN06QTQk+2N2XB9jRDkvbmQmcRtg==

btoa@^1.2.1:
  version "1.2.1"
  resolved "https://registry.yarnpkg.com/btoa/-/btoa-1.2.1.tgz#01a9909f8b2c93f6bf680ba26131eb30f7fa3d73"
  integrity sha512-SB4/MIGlsiVkMcHmT+pSmIPoNDoHg+7cMzmt3Uxt628MTz2487DKSqK/fuhFBrkuqrYv5UCEnACpF4dTFNKc/g==

deeks@2.3.0:
  version "2.3.0"
  resolved "https://registry.yarnpkg.com/deeks/-/deeks-2.3.0.tgz#77085a5fb0463fbe8cde4ed2d0e66ecf94f6b34d"
  integrity sha512-mrNI+TSdnK5s2Gal4Fv3/RGcrYGtB4NC3tTXU1hu74tYsG9JS6SzNKLD8doq6UWsglouGwC86kXqB1pdO+9hyA==

doc-path@2.3.0:
  version "2.3.0"
  resolved "https://registry.yarnpkg.com/doc-path/-/doc-path-2.3.0.tgz#dd6321154ab1e33165bf5783a49ee67abcc02491"
  integrity sha512-RMZA8AXl0I78jI9odw0kFzOfQvBcCFLI6/ZtOs9PwogcL4DHc+sCUZQ34fkealJyqErJryYODVBOtO2IzU/CSw==

dotenv@^8.2.0:
  version "8.2.0"
  resolved "https://registry.yarnpkg.com/dotenv/-/dotenv-8.2.0.tgz#97e619259ada750eea3e4ea3e26bceea5424b16a"
  integrity sha512-8sJ78ElpbDJBHNeBzUbUVLsqKdccaa/BXF1uPTw3GrvQTBgrQrtObr2mUrE38vzYd8cEv+m/JBfDLioYcfXoaw==

follow-redirects@^1.10.0:
  version "1.14.8"
  resolved "https://registry.yarnpkg.com/follow-redirects/-/follow-redirects-1.14.8.tgz#016996fb9a11a100566398b1c6839337d7bfa8fc"
  integrity sha512-1x0S9UVJHsQprFcEC/qnNzBLcIxsjAV905f/UkQxbclCsoTWlacCNOpQa/anodLl2uaEKFhfWOvM2Qg77+15zA==

json-2-csv@^3.5.9:
  version "3.10.2"
  resolved "https://registry.yarnpkg.com/json-2-csv/-/json-2-csv-3.10.2.tgz#6e58e29187cb592ef43200aa83955134dcac9ae9"
  integrity sha512-ebRs6nAM2OcDw9g9hZ3F0DKkUTTy9DnyduF3mWLF0XEImv/Du3GGgyOWBpoqWuZjCWstQvPOKl50Ts/GhfSZOA==
  dependencies:
    deeks "2.3.0"
    doc-path "2.3.0"

moment@^2.29.4:
  version "2.29.4"
  resolved "https://registry.yarnpkg.com/moment/-/moment-2.29.4.tgz#3dbe052889fe7c1b2ed966fcb3a77328964ef108"
  integrity sha512-5LC9SOxjSc2HF6vO2CyuTDNivEdoz2IvyJJGj6X8DJ0eFyfszE0QiEd+iXmBvUP3WHxSjFH/vIsA0EN00cgr8w==
